
Microsoft Visual Studio Solution File, Format Version 12.00
# Visual Studio Version 17
VisualStudioVersion = 17.8.34330.188
MinimumVisualStudioVersion = 10.0.40219.1
Project("{2150E333-8FDC-42A3-9474-1A3956D46DE8}") = "AuctionService", "AuctionService", "{A88D65BD-951E-4166-86AA-8AD7AA7A8B42}"
EndProject
Project("{2150E333-8FDC-42A3-9474-1A3956D46DE8}") = "SearchService", "SearchService", "{A404A20D-ABA2-45F1-BB3C-0A92B803F823}"
EndProject
Project("{9A19103F-16F7-4668-BE54-9A1E7A4F7556}") = "SearchService", "SearchService\SearchService.csproj", "{DF4B55B6-DDEB-40BE-861D-1EF355CDA861}"
EndProject
Project("{2150E333-8FDC-42A3-9474-1A3956D46DE8}") = "Solution Items", "Solution Items", "{4549310E-6D42-448C-9B8C-C1045D659604}"
	ProjectSection(SolutionItems) = preProject
		Directory.Build.props = Directory.Build.props
		docker-compose.yml = docker-compose.yml
	EndProjectSection
EndProject
Project("{9A19103F-16F7-4668-BE54-9A1E7A4F7556}") = "WebApi", "WebApi\WebApi.csproj", "{5B86FAB4-EA14-4E9C-9C63-303EE7CE770E}"
EndProject
Project("{9A19103F-16F7-4668-BE54-9A1E7A4F7556}") = "Infrastructure", "Infrastructure\Infrastructure.csproj", "{BAF7200E-0AAB-44A4-8CDF-E673523AB89C}"
EndProject
Project("{9A19103F-16F7-4668-BE54-9A1E7A4F7556}") = "AppCore", "AppCore\AppCore.csproj", "{5787CC82-9A7A-47F1-935A-88AAEA937CDF}"
EndProject
Project("{9A19103F-16F7-4668-BE54-9A1E7A4F7556}") = "MigrationTool", "MigrationTool\MigrationTool.csproj", "{07C1EBFC-0DE7-4589-B6E6-BD1B60F982C9}"
EndProject
Global
	GlobalSection(SolutionConfigurationPlatforms) = preSolution
		Debug|Any CPU = Debug|Any CPU
		Release|Any CPU = Release|Any CPU
	EndGlobalSection
	GlobalSection(ProjectConfigurationPlatforms) = postSolution
		{DF4B55B6-DDEB-40BE-861D-1EF355CDA861}.Debug|Any CPU.ActiveCfg = Debug|Any CPU
		{DF4B55B6-DDEB-40BE-861D-1EF355CDA861}.Debug|Any CPU.Build.0 = Debug|Any CPU
		{DF4B55B6-DDEB-40BE-861D-1EF355CDA861}.Release|Any CPU.ActiveCfg = Release|Any CPU
		{DF4B55B6-DDEB-40BE-861D-1EF355CDA861}.Release|Any CPU.Build.0 = Release|Any CPU
		{5B86FAB4-EA14-4E9C-9C63-303EE7CE770E}.Debug|Any CPU.ActiveCfg = Debug|Any CPU
		{5B86FAB4-EA14-4E9C-9C63-303EE7CE770E}.Debug|Any CPU.Build.0 = Debug|Any CPU
		{5B86FAB4-EA14-4E9C-9C63-303EE7CE770E}.Release|Any CPU.ActiveCfg = Release|Any CPU
		{5B86FAB4-EA14-4E9C-9C63-303EE7CE770E}.Release|Any CPU.Build.0 = Release|Any CPU
		{BAF7200E-0AAB-44A4-8CDF-E673523AB89C}.Debug|Any CPU.ActiveCfg = Debug|Any CPU
		{BAF7200E-0AAB-44A4-8CDF-E673523AB89C}.Debug|Any CPU.Build.0 = Debug|Any CPU
		{BAF7200E-0AAB-44A4-8CDF-E673523AB89C}.Release|Any CPU.ActiveCfg = Release|Any CPU
		{BAF7200E-0AAB-44A4-8CDF-E673523AB89C}.Release|Any CPU.Build.0 = Release|Any CPU
		{5787CC82-9A7A-47F1-935A-88AAEA937CDF}.Debug|Any CPU.ActiveCfg = Debug|Any CPU
		{5787CC82-9A7A-47F1-935A-88AAEA937CDF}.Debug|Any CPU.Build.0 = Debug|Any CPU
		{5787CC82-9A7A-47F1-935A-88AAEA937CDF}.Release|Any CPU.ActiveCfg = Release|Any CPU
		{5787CC82-9A7A-47F1-935A-88AAEA937CDF}.Release|Any CPU.Build.0 = Release|Any CPU
		{07C1EBFC-0DE7-4589-B6E6-BD1B60F982C9}.Debug|Any CPU.ActiveCfg = Debug|Any CPU
		{07C1EBFC-0DE7-4589-B6E6-BD1B60F982C9}.Debug|Any CPU.Build.0 = Debug|Any CPU
		{07C1EBFC-0DE7-4589-B6E6-BD1B60F982C9}.Release|Any CPU.ActiveCfg = Release|Any CPU
		{07C1EBFC-0DE7-4589-B6E6-BD1B60F982C9}.Release|Any CPU.Build.0 = Release|Any CPU
	EndGlobalSection
	GlobalSection(SolutionProperties) = preSolution
		HideSolutionNode = FALSE
	EndGlobalSection
	GlobalSection(NestedProjects) = preSolution
		{DF4B55B6-DDEB-40BE-861D-1EF355CDA861} = {A404A20D-ABA2-45F1-BB3C-0A92B803F823}
		{5B86FAB4-EA14-4E9C-9C63-303EE7CE770E} = {A88D65BD-951E-4166-86AA-8AD7AA7A8B42}
		{BAF7200E-0AAB-44A4-8CDF-E673523AB89C} = {A88D65BD-951E-4166-86AA-8AD7AA7A8B42}
		{5787CC82-9A7A-47F1-935A-88AAEA937CDF} = {A88D65BD-951E-4166-86AA-8AD7AA7A8B42}
	EndGlobalSection
	GlobalSection(ExtensibilityGlobals) = postSolution
		SolutionGuid = {640293D4-80D1-4290-A969-C15627085CB8}
	EndGlobalSection
EndGlobal
